
Microsoft Visual Studio Solution File, Format Version 12.00
# Visual Studio Version 17
VisualStudioVersion = 17.8.34330.188
MinimumVisualStudioVersion = 10.0.40219.1
Project("{FAE04EC0-301F-11D3-BF4B-00C04F79EFBC}") = "QuanLyQuanCafe", "QuanLyQuanCafe\QuanLyQuanCafe.csproj", "{2C267739-1DE4-4CC3-9997-EE976E6709CA}"
EndProject
Global
	GlobalSection(SolutionConfigurationPlatforms) = preSolution
		Debug|Any CPU = Debug|Any CPU
		Release|Any CPU = Release|Any CPU
	EndGlobalSection
	GlobalSection(ProjectConfigurationPlatforms) = postSolution
		{2C267739-1DE4-4CC3-9997-EE976E6709CA}.Debug|Any CPU.ActiveCfg = Debug|Any CPU
		{2C267739-1DE4-4CC3-9997-EE976E6709CA}.Debug|Any CPU.Build.0 = Debug|Any CPU
		{2C267739-1DE4-4CC3-9997-EE976E6709CA}.Release|Any CPU.ActiveCfg = Release|Any CPU
		{2C267739-1DE4-4CC3-9997-EE976E6709CA}.Release|Any CPU.Build.0 = Release|Any CPU
	EndGlobalSection
	GlobalSection(SolutionProperties) = preSolution
		HideSolutionNode = FALSE
	EndGlobalSection
	GlobalSection(ExtensibilityGlobals) = postSolution
		SolutionGuid = {54BF2E64-D766-4E33-A33C-C738B64934CB}
	EndGlobalSection
EndGlobal
